
Microsoft Visual Studio Solution File, Format Version 12.00
# Visual Studio 15
VisualStudioVersion = 15.0.26124.0
MinimumVisualStudioVersion = 15.0.26124.0
Project("{FAE04EC0-301F-11D3-BF4B-00C04F79EFBC}") = "PizzaBox.Client", "PizzaBox.Client\PizzaBox.Client.csproj", "{0E81C041-717E-4812-8A94-4983EFFDA9D7}"
EndProject
Project("{FAE04EC0-301F-11D3-BF4B-00C04F79EFBC}") = "PizzaBox.Domain", "PizzaBox.Domain\PizzaBox.Domain.csproj", "{D853D8D2-2185-4B8F-ABF7-F66D491850AB}"
EndProject
Project("{FAE04EC0-301F-11D3-BF4B-00C04F79EFBC}") = "PizzaBox.Testing", "PizzaBox.Testing\PizzaBox.Testing.csproj", "{4D336FE8-4E7A-441A-9858-0D72D42C2954}"
EndProject
Project("{FAE04EC0-301F-11D3-BF4B-00C04F79EFBC}") = "PizzaBox.Storing", "PizzaBox.Storing\PizzaBox.Storing.csproj", "{9F692F84-BD61-4FCD-B855-347212F98BE9}"
EndProject
Global
	GlobalSection(SolutionConfigurationPlatforms) = preSolution
		Debug|Any CPU = Debug|Any CPU
		Debug|x64 = Debug|x64
		Debug|x86 = Debug|x86
		Release|Any CPU = Release|Any CPU
		Release|x64 = Release|x64
		Release|x86 = Release|x86
	EndGlobalSection
	GlobalSection(SolutionProperties) = preSolution
		HideSolutionNode = FALSE
	EndGlobalSection
	GlobalSection(ProjectConfigurationPlatforms) = postSolution
		{0E81C041-717E-4812-8A94-4983EFFDA9D7}.Debug|Any CPU.ActiveCfg = Debug|Any CPU
		{0E81C041-717E-4812-8A94-4983EFFDA9D7}.Debug|Any CPU.Build.0 = Debug|Any CPU
		{0E81C041-717E-4812-8A94-4983EFFDA9D7}.Debug|x64.ActiveCfg = Debug|Any CPU
		{0E81C041-717E-4812-8A94-4983EFFDA9D7}.Debug|x64.Build.0 = Debug|Any CPU
		{0E81C041-717E-4812-8A94-4983EFFDA9D7}.Debug|x86.ActiveCfg = Debug|Any CPU
		{0E81C041-717E-4812-8A94-4983EFFDA9D7}.Debug|x86.Build.0 = Debug|Any CPU
		{0E81C041-717E-4812-8A94-4983EFFDA9D7}.Release|Any CPU.ActiveCfg = Release|Any CPU
		{0E81C041-717E-4812-8A94-4983EFFDA9D7}.Release|Any CPU.Build.0 = Release|Any CPU
		{0E81C041-717E-4812-8A94-4983EFFDA9D7}.Release|x64.ActiveCfg = Release|Any CPU
		{0E81C041-717E-4812-8A94-4983EFFDA9D7}.Release|x64.Build.0 = Release|Any CPU
		{0E81C041-717E-4812-8A94-4983EFFDA9D7}.Release|x86.ActiveCfg = Release|Any CPU
		{0E81C041-717E-4812-8A94-4983EFFDA9D7}.Release|x86.Build.0 = Release|Any CPU
		{D853D8D2-2185-4B8F-ABF7-F66D491850AB}.Debug|Any CPU.ActiveCfg = Debug|Any CPU
		{D853D8D2-2185-4B8F-ABF7-F66D491850AB}.Debug|Any CPU.Build.0 = Debug|Any CPU
		{D853D8D2-2185-4B8F-ABF7-F66D491850AB}.Debug|x64.ActiveCfg = Debug|Any CPU
		{D853D8D2-2185-4B8F-ABF7-F66D491850AB}.Debug|x64.Build.0 = Debug|Any CPU
		{D853D8D2-2185-4B8F-ABF7-F66D491850AB}.Debug|x86.ActiveCfg = Debug|Any CPU
		{D853D8D2-2185-4B8F-ABF7-F66D491850AB}.Debug|x86.Build.0 = Debug|Any CPU
		{D853D8D2-2185-4B8F-ABF7-F66D491850AB}.Release|Any CPU.ActiveCfg = Release|Any CPU
		{D853D8D2-2185-4B8F-ABF7-F66D491850AB}.Release|Any CPU.Build.0 = Release|Any CPU
		{D853D8D2-2185-4B8F-ABF7-F66D491850AB}.Release|x64.ActiveCfg = Release|Any CPU
		{D853D8D2-2185-4B8F-ABF7-F66D491850AB}.Release|x64.Build.0 = Release|Any CPU
		{D853D8D2-2185-4B8F-ABF7-F66D491850AB}.Release|x86.ActiveCfg = Release|Any CPU
		{D853D8D2-2185-4B8F-ABF7-F66D491850AB}.Release|x86.Build.0 = Release|Any CPU
		{4D336FE8-4E7A-441A-9858-0D72D42C2954}.Debug|Any CPU.ActiveCfg = Debug|Any CPU
		{4D336FE8-4E7A-441A-9858-0D72D42C2954}.Debug|Any CPU.Build.0 = Debug|Any CPU
		{4D336FE8-4E7A-441A-9858-0D72D42C2954}.Debug|x64.ActiveCfg = Debug|Any CPU
		{4D336FE8-4E7A-441A-9858-0D72D42C2954}.Debug|x64.Build.0 = Debug|Any CPU
		{4D336FE8-4E7A-441A-9858-0D72D42C2954}.Debug|x86.ActiveCfg = Debug|Any CPU
		{4D336FE8-4E7A-441A-9858-0D72D42C2954}.Debug|x86.Build.0 = Debug|Any CPU
		{4D336FE8-4E7A-441A-9858-0D72D42C2954}.Release|Any CPU.ActiveCfg = Release|Any CPU
		{4D336FE8-4E7A-441A-9858-0D72D42C2954}.Release|Any CPU.Build.0 = Release|Any CPU
		{4D336FE8-4E7A-441A-9858-0D72D42C2954}.Release|x64.ActiveCfg = Release|Any CPU
		{4D336FE8-4E7A-441A-9858-0D72D42C2954}.Release|x64.Build.0 = Release|Any CPU
		{4D336FE8-4E7A-441A-9858-0D72D42C2954}.Release|x86.ActiveCfg = Release|Any CPU
		{4D336FE8-4E7A-441A-9858-0D72D42C2954}.Release|x86.Build.0 = Release|Any CPU
		{9F692F84-BD61-4FCD-B855-347212F98BE9}.Debug|Any CPU.ActiveCfg = Debug|Any CPU
		{9F692F84-BD61-4FCD-B855-347212F98BE9}.Debug|Any CPU.Build.0 = Debug|Any CPU
		{9F692F84-BD61-4FCD-B855-347212F98BE9}.Debug|x64.ActiveCfg = Debug|Any CPU
		{9F692F84-BD61-4FCD-B855-347212F98BE9}.Debug|x64.Build.0 = Debug|Any CPU
		{9F692F84-BD61-4FCD-B855-347212F98BE9}.Debug|x86.ActiveCfg = Debug|Any CPU
		{9F692F84-BD61-4FCD-B855-347212F98BE9}.Debug|x86.Build.0 = Debug|Any CPU
		{9F692F84-BD61-4FCD-B855-347212F98BE9}.Release|Any CPU.ActiveCfg = Release|Any CPU
		{9F692F84-BD61-4FCD-B855-347212F98BE9}.Release|Any CPU.Build.0 = Release|Any CPU
		{9F692F84-BD61-4FCD-B855-347212F98BE9}.Release|x64.ActiveCfg = Release|Any CPU
		{9F692F84-BD61-4FCD-B855-347212F98BE9}.Release|x64.Build.0 = Release|Any CPU
		{9F692F84-BD61-4FCD-B855-347212F98BE9}.Release|x86.ActiveCfg = Release|Any CPU
		{9F692F84-BD61-4FCD-B855-347212F98BE9}.Release|x86.Build.0 = Release|Any CPU
	EndGlobalSection
EndGlobal
